
Microsoft Visual Studio Solution File, Format Version 12.00
# Visual Studio Version 16
VisualStudioVersion = 16.0.28803.452
MinimumVisualStudioVersion = 10.0.40219.1
Project("{9A19103F-16F7-4668-BE54-9A1E7A4F7556}") = "SQLUpdateManager.CLI.Application", "SQLUpdateManager.CLI.Application\SQLUpdateManager.CLI.Application.csproj", "{5CEBA2C3-A807-42C8-963B-2A2C42B35DF3}"
EndProject
Project("{9A19103F-16F7-4668-BE54-9A1E7A4F7556}") = "SQLUpdateManager.CLI.Common", "SQLUpdateManager.CLI.Common\SQLUpdateManager.CLI.Common.csproj", "{598F4613-5B2B-4E73-A415-2B824EFD98FC}"
EndProject
Project("{9A19103F-16F7-4668-BE54-9A1E7A4F7556}") = "SQLUpdateManager.CLI", "SQLUpdateManager.CLI\SQLUpdateManager.CLI.csproj", "{6DBAD8C3-AA24-49B6-87B1-E0B64AB741D5}"
EndProject
Project("{9A19103F-16F7-4668-BE54-9A1E7A4F7556}") = "SQLUpdateManager.CLI.IO", "SQLUpdateManager.CLI.IO\SQLUpdateManager.CLI.IO.csproj", "{92AA8A2C-DAD7-4956-B2D7-7E6A5A1CA913}"
EndProject
Global
	GlobalSection(SolutionConfigurationPlatforms) = preSolution
		Debug|Any CPU = Debug|Any CPU
		Release|Any CPU = Release|Any CPU
	EndGlobalSection
	GlobalSection(ProjectConfigurationPlatforms) = postSolution
		{5CEBA2C3-A807-42C8-963B-2A2C42B35DF3}.Debug|Any CPU.ActiveCfg = Debug|Any CPU
		{5CEBA2C3-A807-42C8-963B-2A2C42B35DF3}.Debug|Any CPU.Build.0 = Debug|Any CPU
		{5CEBA2C3-A807-42C8-963B-2A2C42B35DF3}.Release|Any CPU.ActiveCfg = Release|Any CPU
		{5CEBA2C3-A807-42C8-963B-2A2C42B35DF3}.Release|Any CPU.Build.0 = Release|Any CPU
		{598F4613-5B2B-4E73-A415-2B824EFD98FC}.Debug|Any CPU.ActiveCfg = Debug|Any CPU
		{598F4613-5B2B-4E73-A415-2B824EFD98FC}.Debug|Any CPU.Build.0 = Debug|Any CPU
		{598F4613-5B2B-4E73-A415-2B824EFD98FC}.Release|Any CPU.ActiveCfg = Release|Any CPU
		{598F4613-5B2B-4E73-A415-2B824EFD98FC}.Release|Any CPU.Build.0 = Release|Any CPU
		{6DBAD8C3-AA24-49B6-87B1-E0B64AB741D5}.Debug|Any CPU.ActiveCfg = Debug|Any CPU
		{6DBAD8C3-AA24-49B6-87B1-E0B64AB741D5}.Debug|Any CPU.Build.0 = Debug|Any CPU
		{6DBAD8C3-AA24-49B6-87B1-E0B64AB741D5}.Release|Any CPU.ActiveCfg = Release|Any CPU
		{6DBAD8C3-AA24-49B6-87B1-E0B64AB741D5}.Release|Any CPU.Build.0 = Release|Any CPU
		{92AA8A2C-DAD7-4956-B2D7-7E6A5A1CA913}.Debug|Any CPU.ActiveCfg = Debug|Any CPU
		{92AA8A2C-DAD7-4956-B2D7-7E6A5A1CA913}.Debug|Any CPU.Build.0 = Debug|Any CPU
		{92AA8A2C-DAD7-4956-B2D7-7E6A5A1CA913}.Release|Any CPU.ActiveCfg = Release|Any CPU
		{92AA8A2C-DAD7-4956-B2D7-7E6A5A1CA913}.Release|Any CPU.Build.0 = Release|Any CPU
	EndGlobalSection
	GlobalSection(SolutionProperties) = preSolution
		HideSolutionNode = FALSE
	EndGlobalSection
	GlobalSection(ExtensibilityGlobals) = postSolution
		SolutionGuid = {907257C0-F754-4AD5-B920-3DA7B1008021}
	EndGlobalSection
EndGlobal
