
Microsoft Visual Studio Solution File, Format Version 12.00
# Visual Studio 15
VisualStudioVersion = 15.0.28307.421
MinimumVisualStudioVersion = 10.0.40219.1
Project("{2150E333-8FDC-42A3-9474-1A3956D46DE8}") = "CLI", "CLI", "{04DFB46A-EAF3-4D38-9EEE-10AB063959AC}"
EndProject
Project("{9A19103F-16F7-4668-BE54-9A1E7A4F7556}") = "SUM.CLI", "SUM.CLI\SUM.CLI.csproj", "{45E1A8DF-E8BE-4CE0-BCCD-0133A1CD865A}"
EndProject
Project("{2150E333-8FDC-42A3-9474-1A3956D46DE8}") = "Common", "Common", "{7B6E173B-E8D0-44D7-BF33-6D155B27328E}"
EndProject
Project("{9A19103F-16F7-4668-BE54-9A1E7A4F7556}") = "SUM.BusinessObjects", "SUM.BusinessObjects\SUM.BusinessObjects.csproj", "{0906CE23-D22C-4594-A36E-E6F3E7988594}"
EndProject
Project("{9A19103F-16F7-4668-BE54-9A1E7A4F7556}") = "SUM.Managers", "SUM.Managers\SUM.Managers.csproj", "{428357AD-8D8C-4C1C-9E90-947D2838C227}"
EndProject
Project("{9A19103F-16F7-4668-BE54-9A1E7A4F7556}") = "SUM.System", "SUM.System\SUM.System.csproj", "{2C555544-A48A-4845-80F3-7BF1A2054FCA}"
EndProject
Project("{9A19103F-16F7-4668-BE54-9A1E7A4F7556}") = "SUM.Logger", "SUM.Logger\SUM.Logger.csproj", "{3B02A7B9-3683-453D-BEDA-38C9096C8CA9}"
EndProject
Project("{9A19103F-16F7-4668-BE54-9A1E7A4F7556}") = "SUM.CLI.UI", "SUM.CLI.Output\SUM.CLI.UI.csproj", "{B342E4E1-2DA1-4DD6-B016-2FFF59BEA511}"
EndProject
Project("{9A19103F-16F7-4668-BE54-9A1E7A4F7556}") = "SUM.CLI.Core", "SUM.CLI.Core\SUM.CLI.Core.csproj", "{6663E973-57F3-4DA6-BB7F-25BE0F6C3580}"
EndProject
Project("{FAE04EC0-301F-11D3-BF4B-00C04F79EFBC}") = "SUM.Gates", "SUM.Gates\SUM.Gates.csproj", "{94CB964B-133D-4171-95EE-57DF7CFCD978}"
EndProject
Global
	GlobalSection(SolutionConfigurationPlatforms) = preSolution
		Debug|Any CPU = Debug|Any CPU
		Release|Any CPU = Release|Any CPU
	EndGlobalSection
	GlobalSection(ProjectConfigurationPlatforms) = postSolution
		{45E1A8DF-E8BE-4CE0-BCCD-0133A1CD865A}.Debug|Any CPU.ActiveCfg = Debug|Any CPU
		{45E1A8DF-E8BE-4CE0-BCCD-0133A1CD865A}.Debug|Any CPU.Build.0 = Debug|Any CPU
		{45E1A8DF-E8BE-4CE0-BCCD-0133A1CD865A}.Release|Any CPU.ActiveCfg = Release|Any CPU
		{45E1A8DF-E8BE-4CE0-BCCD-0133A1CD865A}.Release|Any CPU.Build.0 = Release|Any CPU
		{0906CE23-D22C-4594-A36E-E6F3E7988594}.Debug|Any CPU.ActiveCfg = Debug|Any CPU
		{0906CE23-D22C-4594-A36E-E6F3E7988594}.Debug|Any CPU.Build.0 = Debug|Any CPU
		{0906CE23-D22C-4594-A36E-E6F3E7988594}.Release|Any CPU.ActiveCfg = Release|Any CPU
		{0906CE23-D22C-4594-A36E-E6F3E7988594}.Release|Any CPU.Build.0 = Release|Any CPU
		{428357AD-8D8C-4C1C-9E90-947D2838C227}.Debug|Any CPU.ActiveCfg = Debug|Any CPU
		{428357AD-8D8C-4C1C-9E90-947D2838C227}.Debug|Any CPU.Build.0 = Debug|Any CPU
		{428357AD-8D8C-4C1C-9E90-947D2838C227}.Release|Any CPU.ActiveCfg = Release|Any CPU
		{428357AD-8D8C-4C1C-9E90-947D2838C227}.Release|Any CPU.Build.0 = Release|Any CPU
		{2C555544-A48A-4845-80F3-7BF1A2054FCA}.Debug|Any CPU.ActiveCfg = Debug|Any CPU
		{2C555544-A48A-4845-80F3-7BF1A2054FCA}.Debug|Any CPU.Build.0 = Debug|Any CPU
		{2C555544-A48A-4845-80F3-7BF1A2054FCA}.Release|Any CPU.ActiveCfg = Release|Any CPU
		{2C555544-A48A-4845-80F3-7BF1A2054FCA}.Release|Any CPU.Build.0 = Release|Any CPU
		{3B02A7B9-3683-453D-BEDA-38C9096C8CA9}.Debug|Any CPU.ActiveCfg = Debug|Any CPU
		{3B02A7B9-3683-453D-BEDA-38C9096C8CA9}.Debug|Any CPU.Build.0 = Debug|Any CPU
		{3B02A7B9-3683-453D-BEDA-38C9096C8CA9}.Release|Any CPU.ActiveCfg = Release|Any CPU
		{3B02A7B9-3683-453D-BEDA-38C9096C8CA9}.Release|Any CPU.Build.0 = Release|Any CPU
		{B342E4E1-2DA1-4DD6-B016-2FFF59BEA511}.Debug|Any CPU.ActiveCfg = Debug|Any CPU
		{B342E4E1-2DA1-4DD6-B016-2FFF59BEA511}.Debug|Any CPU.Build.0 = Debug|Any CPU
		{B342E4E1-2DA1-4DD6-B016-2FFF59BEA511}.Release|Any CPU.ActiveCfg = Release|Any CPU
		{B342E4E1-2DA1-4DD6-B016-2FFF59BEA511}.Release|Any CPU.Build.0 = Release|Any CPU
		{6663E973-57F3-4DA6-BB7F-25BE0F6C3580}.Debug|Any CPU.ActiveCfg = Debug|Any CPU
		{6663E973-57F3-4DA6-BB7F-25BE0F6C3580}.Debug|Any CPU.Build.0 = Debug|Any CPU
		{6663E973-57F3-4DA6-BB7F-25BE0F6C3580}.Release|Any CPU.ActiveCfg = Release|Any CPU
		{6663E973-57F3-4DA6-BB7F-25BE0F6C3580}.Release|Any CPU.Build.0 = Release|Any CPU
		{94CB964B-133D-4171-95EE-57DF7CFCD978}.Debug|Any CPU.ActiveCfg = Debug|Any CPU
		{94CB964B-133D-4171-95EE-57DF7CFCD978}.Debug|Any CPU.Build.0 = Debug|Any CPU
		{94CB964B-133D-4171-95EE-57DF7CFCD978}.Release|Any CPU.ActiveCfg = Release|Any CPU
		{94CB964B-133D-4171-95EE-57DF7CFCD978}.Release|Any CPU.Build.0 = Release|Any CPU
	EndGlobalSection
	GlobalSection(SolutionProperties) = preSolution
		HideSolutionNode = FALSE
	EndGlobalSection
	GlobalSection(NestedProjects) = preSolution
		{45E1A8DF-E8BE-4CE0-BCCD-0133A1CD865A} = {04DFB46A-EAF3-4D38-9EEE-10AB063959AC}
		{0906CE23-D22C-4594-A36E-E6F3E7988594} = {7B6E173B-E8D0-44D7-BF33-6D155B27328E}
		{428357AD-8D8C-4C1C-9E90-947D2838C227} = {7B6E173B-E8D0-44D7-BF33-6D155B27328E}
		{B342E4E1-2DA1-4DD6-B016-2FFF59BEA511} = {04DFB46A-EAF3-4D38-9EEE-10AB063959AC}
		{6663E973-57F3-4DA6-BB7F-25BE0F6C3580} = {04DFB46A-EAF3-4D38-9EEE-10AB063959AC}
		{94CB964B-133D-4171-95EE-57DF7CFCD978} = {7B6E173B-E8D0-44D7-BF33-6D155B27328E}
	EndGlobalSection
	GlobalSection(ExtensibilityGlobals) = postSolution
		SolutionGuid = {0C192349-6209-424C-9762-0B2EBF64B41E}
	EndGlobalSection
EndGlobal
